apiVersion: vendir.k14s.io/v1alpha1
directories:
- contents:
  - git:
      commitTitle: 'feat(vertical-pod-autoscaler): update registry.k8s.io/autoscaling/vpa
        to v1.2.1 (#705)...'
      sha: 4aad65d9e89f610dca4f2f65aafff551960cdc7f
      tags:
      - vertical-pod-autoscaler-9.9.0
    path: .
  path: helm/vertical-pod-autoscaler-crd/templates
kind: LockConfig
